
Microsoft Visual Studio Solution File, Format Version 12.00
# Visual Studio 15
VisualStudioVersion = 15.0.27004.2005
MinimumVisualStudioVersion = 10.0.40219.1
Project("{8BC9CEB8-8B4A-11D0-8D11-00A0C91BC942}") = "projekt c++", "projekt c++\projekt c++.vcxproj", "{FEDB37EA-D508-4725-80A3-7A4D28BDEE7A}"
EndProject
Global
	GlobalSection(SolutionConfigurationPlatforms) = preSolution
		Debug|x64 = Debug|x64
		Debug|x86 = Debug|x86
		Release|x64 = Release|x64
		Release|x86 = Release|x86
	EndGlobalSection
	GlobalSection(ProjectConfigurationPlatforms) = postSolution
		{FEDB37EA-D508-4725-80A3-7A4D28BDEE7A}.Debug|x64.ActiveCfg = Debug|x64
		{FEDB37EA-D508-4725-80A3-7A4D28BDEE7A}.Debug|x64.Build.0 = Debug|x64
		{FEDB37EA-D508-4725-80A3-7A4D28BDEE7A}.Debug|x86.ActiveCfg = Debug|Win32
		{FEDB37EA-D508-4725-80A3-7A4D28BDEE7A}.Debug|x86.Build.0 = Debug|Win32
		{FEDB37EA-D508-4725-80A3-7A4D28BDEE7A}.Release|x64.ActiveCfg = Release|x64
		{FEDB37EA-D508-4725-80A3-7A4D28BDEE7A}.Release|x64.Build.0 = Release|x64
		{FEDB37EA-D508-4725-80A3-7A4D28BDEE7A}.Release|x86.ActiveCfg = Release|Win32
		{FEDB37EA-D508-4725-80A3-7A4D28BDEE7A}.Release|x86.Build.0 = Release|Win32
	EndGlobalSection
	GlobalSection(SolutionProperties) = preSolution
		HideSolutionNode = FALSE
	EndGlobalSection
	GlobalSection(ExtensibilityGlobals) = postSolution
		SolutionGuid = {C75EF1A9-0CAC-4AF3-A9F4-7B42394EF0A5}
	EndGlobalSection
EndGlobal
